{
    "name": "ide-golang",
    "version": "0.0.0",
    "lockfileVersion": 1,
    "requires": true,
    "dependencies": {
        "atom-languageclient": {
            "version": "0.6.1",
            "resolved": "https://registry.npmjs.org/atom-languageclient/-/atom-languageclient-0.6.1.tgz",
            "integrity": "sha1-Qge2rdVyNVYlOGSt1/Ga5dGE4RY=",
            "requires": {
                "vscode-jsonrpc": "3.4.0"
            }
        },
        "vscode-jsonrpc": {
            "version": "3.4.0",
            "resolved": "https://registry.npmjs.org/vscode-jsonrpc/-/vscode-jsonrpc-3.4.0.tgz",
            "integrity": "sha1-qpWsWDvzHYD3JdV8J8CfTCz+n6k="
        }
    }
}
