{
    "name": "ide-go",
    "version": "0.7.1",
    "lockfileVersion": 1,
    "requires": true,
    "dependencies": {
        "@types/atom": {
            "version": "1.28.0",
            "resolved": "https://registry.npmjs.org/@types/atom/-/atom-1.28.0.tgz",
            "integrity": "sha512-XslfCY9sXZs9lWghuF6n8WOgFTDowUZMxfquaaoYnSXIuM5DlgahKk6Y/2Ll8LVb6Ge0EjiREvYUBotgzpCnlg==",
            "requires": {
                "@types/node": "10.5.5"
            }
        },
        "@types/node": {
            "version": "10.5.5",
            "resolved": "https://registry.npmjs.org/@types/node/-/node-10.5.5.tgz",
            "integrity": "sha512-6Qnb1gXbp3g1JX9QVJj3A6ORzc9XCyhokxUKaoonHgNXcQhmk8adhotxfkeK8El9TnFeUuH72yI6jQ5nDJKS6w=="
        },
        "atom-languageclient": {
            "version": "0.9.5",
            "resolved": "https://registry.npmjs.org/atom-languageclient/-/atom-languageclient-0.9.5.tgz",
            "integrity": "sha512-m69UBVbWlpWzGpbIdS5glP2H8iwPjGLHUjFBtCdLYQinRwZMPHYBfTgzf/ji2Dp27v9F9La3OIIr3mVxBcvOkA==",
            "requires": {
                "@types/atom": "1.28.0",
                "@types/node": "8.10.23",
                "fuzzaldrin-plus": "0.6.0",
                "vscode-jsonrpc": "3.6.2",
                "vscode-languageserver-protocol": "3.6.0-next.5",
                "vscode-languageserver-types": "3.10.0"
            },
            "dependencies": {
                "@types/node": {
                    "version": "8.10.23",
                    "resolved": "https://registry.npmjs.org/@types/node/-/node-8.10.23.tgz",
                    "integrity": "sha512-aEp5ZTLr4mYhR9S85cJ+sEYkcsgFY10N1Si5m49iTAVzanZXOwp/pgw6ibFLKXxpflqm71aSWZCRtnTXXO56gA=="
                }
            }
        },
        "atom-package-deps": {
            "version": "4.6.2",
            "resolved": "https://registry.npmjs.org/atom-package-deps/-/atom-package-deps-4.6.2.tgz",
            "integrity": "sha512-GOcCULZPzpcFfnHo9Oz5fT/EaArFHNs84E4rp/Nox0/GlS1UYkEF44FRdgD+7TxAudRfQAXE0a8wh0GealCXZg==",
            "requires": {
                "atom-package-path": "1.1.0",
                "sb-fs": "3.0.0",
                "semver": "5.4.1"
            }
        },
        "atom-package-path": {
            "version": "1.1.0",
            "resolved": "https://registry.npmjs.org/atom-package-path/-/atom-package-path-1.1.0.tgz",
            "integrity": "sha1-tR/tvADnyM5SI9DYA9t6P09pYU8=",
            "requires": {
                "sb-callsite": "1.1.2"
            }
        },
        "atom-ts-transpiler": {
            "version": "1.5.2",
            "resolved": "https://registry.npmjs.org/atom-ts-transpiler/-/atom-ts-transpiler-1.5.2.tgz",
            "integrity": "sha512-X1Ii+whd+9MuwzV6nXyqpAOq886PH70YcCDDXgFGwkkfMChJndbedBAPUhnp9JqgoktiY0JLkOMmFsdBwuf70g=="
        },
        "fuzzaldrin-plus": {
            "version": "0.6.0",
            "resolved": "https://registry.npmjs.org/fuzzaldrin-plus/-/fuzzaldrin-plus-0.6.0.tgz",
            "integrity": "sha1-gy9kifvodnaUWVmckUpnDsIpR+4="
        },
        "is-utf8": {
            "version": "0.2.1",
            "resolved": "https://registry.npmjs.org/is-utf8/-/is-utf8-0.2.1.tgz",
            "integrity": "sha1-Sw2hRCEE0bM2NA6AeX6GXPOffXI="
        },
        "sb-callsite": {
            "version": "1.1.2",
            "resolved": "https://registry.npmjs.org/sb-callsite/-/sb-callsite-1.1.2.tgz",
            "integrity": "sha1-KBkftm1k46PukghKlakPy1ECJDs="
        },
        "sb-fs": {
            "version": "3.0.0",
            "resolved": "https://registry.npmjs.org/sb-fs/-/sb-fs-3.0.0.tgz",
            "integrity": "sha1-+9zdMBDoChuOJ0kM7zNgZJdCA7g=",
            "requires": {
                "sb-promisify": "2.0.2",
                "strip-bom-buf": "1.0.0"
            }
        },
        "sb-promisify": {
            "version": "2.0.2",
            "resolved": "https://registry.npmjs.org/sb-promisify/-/sb-promisify-2.0.2.tgz",
            "integrity": "sha1-QnelR1RIiqlnXYhuNU24lMm9yYE="
        },
        "semver": {
            "version": "5.4.1",
            "resolved": "https://registry.npmjs.org/semver/-/semver-5.4.1.tgz",
            "integrity": "sha512-WfG/X9+oATh81XtllIo/I8gOiY9EXRdv1cQdyykeXK17YcUW3EXUAi2To4pcH6nZtJPr7ZOpM5OMyWJZm+8Rsg=="
        },
        "strip-bom-buf": {
            "version": "1.0.0",
            "resolved": "https://registry.npmjs.org/strip-bom-buf/-/strip-bom-buf-1.0.0.tgz",
            "integrity": "sha1-HLRar1dTD0yvhsf3UXnSyaUd1XI=",
            "requires": {
                "is-utf8": "0.2.1"
            }
        },
        "typescript": {
            "version": "2.9.2",
            "resolved": "https://registry.npmjs.org/typescript/-/typescript-2.9.2.tgz",
            "integrity": "sha512-Gr4p6nFNaoufRIY4NMdpQRNmgxVIGMs4Fcu/ujdYk3nAZqk7supzBE9idmvfZIlH/Cuj//dvi+019qEue9lV0w=="
        },
        "vscode-jsonrpc": {
            "version": "3.6.2",
            "resolved": "https://registry.npmjs.org/vscode-jsonrpc/-/vscode-jsonrpc-3.6.2.tgz",
            "integrity": "sha512-T24Jb5V48e4VgYliUXMnZ379ItbrXgOimweKaJshD84z+8q7ZOZjJan0MeDe+Ugb+uqERDVV8SBmemaGMSMugA=="
        },
        "vscode-languageserver-protocol": {
            "version": "3.6.0-next.5",
            "resolved": "https://registry.npmjs.org/vscode-languageserver-protocol/-/vscode-languageserver-protocol-3.6.0-next.5.tgz",
            "integrity": "sha512-pfu6A4VHDnLn+/UryZc0TKRUl63FdIFMTng27kOER1xk2yXDlqVenQX//8s1Veb0xVGATKITiFKIvUIl037mtg==",
            "requires": {
                "vscode-jsonrpc": "3.6.2",
                "vscode-languageserver-types": "3.10.0"
            }
        },
        "vscode-languageserver-types": {
            "version": "3.10.0",
            "resolved": "https://registry.npmjs.org/vscode-languageserver-types/-/vscode-languageserver-types-3.10.0.tgz",
            "integrity": "sha512-vxmCsVZGwq8X40SuLP8Ix7V0rq5V/7iQUjRVe2Oxm+TbmjxtjK4dpHHXQCUawjA4fhPA9FwjSRbDhbvQmYCfMw=="
        }
    }
}
